
Microsoft Visual Studio Solution File, Format Version 12.00
# Visual Studio 15
VisualStudioVersion = 15.0.28307.106
MinimumVisualStudioVersion = 10.0.40219.1
Project("{FAE04EC0-301F-11D3-BF4B-00C04F79EFBC}") = "CustomTenants", "CustomTenants\CustomTenants.csproj", "{C0E57215-8150-4419-86B1-30529B58C304}"
EndProject
Global
	GlobalSection(SolutionConfigurationPlatforms) = preSolution
		Debug|Any CPU = Debug|Any CPU
		Release|Any CPU = Release|Any CPU
	EndGlobalSection
	GlobalSection(ProjectConfigurationPlatforms) = postSolution
		{C0E57215-8150-4419-86B1-30529B58C304}.Debug|Any CPU.ActiveCfg = Debug|Any CPU
		{C0E57215-8150-4419-86B1-30529B58C304}.Debug|Any CPU.Build.0 = Debug|Any CPU
		{C0E57215-8150-4419-86B1-30529B58C304}.Release|Any CPU.ActiveCfg = Release|Any CPU
		{C0E57215-8150-4419-86B1-30529B58C304}.Release|Any CPU.Build.0 = Release|Any CPU
	EndGlobalSection
	GlobalSection(SolutionProperties) = preSolution
		HideSolutionNode = FALSE
	EndGlobalSection
	GlobalSection(ExtensibilityGlobals) = postSolution
		SolutionGuid = {68E5712F-F82A-412F-A154-D7B985B37554}
	EndGlobalSection
EndGlobal
