
Microsoft Visual Studio Solution File, Format Version 12.00
# Visual Studio 15
VisualStudioVersion = 15.0.27130.2027
MinimumVisualStudioVersion = 10.0.40219.1
Project("{9A19103F-16F7-4668-BE54-9A1E7A4F7556}") = "MultiTenant.Api", "MultiTenant.Api\MultiTenant.Api.csproj", "{084FE054-95B8-4397-A8CF-3C35F44CA80A}"
EndProject
Global
	GlobalSection(SolutionConfigurationPlatforms) = preSolution
		Debug|Any CPU = Debug|Any CPU
		Release|Any CPU = Release|Any CPU
	EndGlobalSection
	GlobalSection(ProjectConfigurationPlatforms) = postSolution
		{084FE054-95B8-4397-A8CF-3C35F44CA80A}.Debug|Any CPU.ActiveCfg = Debug|Any CPU
		{084FE054-95B8-4397-A8CF-3C35F44CA80A}.Debug|Any CPU.Build.0 = Debug|Any CPU
		{084FE054-95B8-4397-A8CF-3C35F44CA80A}.Release|Any CPU.ActiveCfg = Release|Any CPU
		{084FE054-95B8-4397-A8CF-3C35F44CA80A}.Release|Any CPU.Build.0 = Release|Any CPU
	EndGlobalSection
	GlobalSection(SolutionProperties) = preSolution
		HideSolutionNode = FALSE
	EndGlobalSection
	GlobalSection(ExtensibilityGlobals) = postSolution
		SolutionGuid = {17167FCC-5E88-4C54-A406-5BC413D404DD}
	EndGlobalSection
EndGlobal
